
Microsoft Visual Studio Solution File, Format Version 12.00
# Visual Studio Version 16
VisualStudioVersion = 16.0.29519.181
MinimumVisualStudioVersion = 10.0.40219.1
Project("{9A19103F-16F7-4668-BE54-9A1E7A4F7556}") = "OdeToFood", "OdeToFood\OdeToFood.csproj", "{4945CB19-8698-4374-B643-2B9FFE1A08B5}"
EndProject
Project("{9A19103F-16F7-4668-BE54-9A1E7A4F7556}") = "OdeToFood.Core", "OdeToFood.Core\OdeToFood.Core.csproj", "{79A93707-1482-476C-BD39-1514DAD69D71}"
EndProject
Project("{9A19103F-16F7-4668-BE54-9A1E7A4F7556}") = "OdeToFood.Data", "OdeToFood.Data\OdeToFood.Data.csproj", "{3E1B7041-3686-4FD1-B368-08F5874C408F}"
EndProject
Global
	GlobalSection(SolutionConfigurationPlatforms) = preSolution
		Debug|Any CPU = Debug|Any CPU
		Release|Any CPU = Release|Any CPU
	EndGlobalSection
	GlobalSection(ProjectConfigurationPlatforms) = postSolution
		{4945CB19-8698-4374-B643-2B9FFE1A08B5}.Debug|Any CPU.ActiveCfg = Debug|Any CPU
		{4945CB19-8698-4374-B643-2B9FFE1A08B5}.Debug|Any CPU.Build.0 = Debug|Any CPU
		{4945CB19-8698-4374-B643-2B9FFE1A08B5}.Release|Any CPU.ActiveCfg = Release|Any CPU
		{4945CB19-8698-4374-B643-2B9FFE1A08B5}.Release|Any CPU.Build.0 = Release|Any CPU
		{79A93707-1482-476C-BD39-1514DAD69D71}.Debug|Any CPU.ActiveCfg = Debug|Any CPU
		{79A93707-1482-476C-BD39-1514DAD69D71}.Debug|Any CPU.Build.0 = Debug|Any CPU
		{79A93707-1482-476C-BD39-1514DAD69D71}.Release|Any CPU.ActiveCfg = Release|Any CPU
		{79A93707-1482-476C-BD39-1514DAD69D71}.Release|Any CPU.Build.0 = Release|Any CPU
		{3E1B7041-3686-4FD1-B368-08F5874C408F}.Debug|Any CPU.ActiveCfg = Debug|Any CPU
		{3E1B7041-3686-4FD1-B368-08F5874C408F}.Debug|Any CPU.Build.0 = Debug|Any CPU
		{3E1B7041-3686-4FD1-B368-08F5874C408F}.Release|Any CPU.ActiveCfg = Release|Any CPU
		{3E1B7041-3686-4FD1-B368-08F5874C408F}.Release|Any CPU.Build.0 = Release|Any CPU
	EndGlobalSection
	GlobalSection(SolutionProperties) = preSolution
		HideSolutionNode = FALSE
	EndGlobalSection
	GlobalSection(ExtensibilityGlobals) = postSolution
		SolutionGuid = {B282239C-4794-474D-83D6-3E643B7C2176}
	EndGlobalSection
EndGlobal
